
Microsoft Visual Studio Solution File, Format Version 12.00
# Visual Studio Version 16
VisualStudioVersion = 16.0.29613.14
MinimumVisualStudioVersion = 10.0.40219.1
Project("{FAE04EC0-301F-11D3-BF4B-00C04F79EFBC}") = "NoReticleRPHAutomatic", "NoReticleRPHAutomatic.csproj", "{95EE5A8B-3A21-4573-94F9-DC6B8621BB43}"
EndProject
Global
	GlobalSection(SolutionConfigurationPlatforms) = preSolution
		Debug|Any CPU = Debug|Any CPU
		Release|Any CPU = Release|Any CPU
	EndGlobalSection
	GlobalSection(ProjectConfigurationPlatforms) = postSolution
		{95EE5A8B-3A21-4573-94F9-DC6B8621BB43}.Debug|Any CPU.ActiveCfg = Debug|Any CPU
		{95EE5A8B-3A21-4573-94F9-DC6B8621BB43}.Debug|Any CPU.Build.0 = Debug|Any CPU
		{95EE5A8B-3A21-4573-94F9-DC6B8621BB43}.Release|Any CPU.ActiveCfg = Release|Any CPU
		{95EE5A8B-3A21-4573-94F9-DC6B8621BB43}.Release|Any CPU.Build.0 = Release|Any CPU
	EndGlobalSection
	GlobalSection(SolutionProperties) = preSolution
		HideSolutionNode = FALSE
	EndGlobalSection
	GlobalSection(ExtensibilityGlobals) = postSolution
		SolutionGuid = {6FC902FF-BCF8-4443-BF2A-34E94E2FB6F6}
	EndGlobalSection
EndGlobal
